
Microsoft Visual Studio Solution File, Format Version 12.00
# Visual Studio 15
VisualStudioVersion = 15.0.27130.2010
MinimumVisualStudioVersion = 10.0.40219.1
Project("{FAE04EC0-301F-11D3-BF4B-00C04F79EFBC}") = "MELM", "MELM\MELM.csproj", "{B860A928-763C-4CD4-98B9-3EBE5CC83147}"
EndProject
Global
	GlobalSection(SolutionConfigurationPlatforms) = preSolution
		Debug|Any CPU = Debug|Any CPU
		Release|Any CPU = Release|Any CPU
	EndGlobalSection
	GlobalSection(ProjectConfigurationPlatforms) = postSolution
		{B860A928-763C-4CD4-98B9-3EBE5CC83147}.Debug|Any CPU.ActiveCfg = Debug|Any CPU
		{B860A928-763C-4CD4-98B9-3EBE5CC83147}.Debug|Any CPU.Build.0 = Debug|Any CPU
		{B860A928-763C-4CD4-98B9-3EBE5CC83147}.Release|Any CPU.ActiveCfg = Release|Any CPU
		{B860A928-763C-4CD4-98B9-3EBE5CC83147}.Release|Any CPU.Build.0 = Release|Any CPU
	EndGlobalSection
	GlobalSection(SolutionProperties) = preSolution
		HideSolutionNode = FALSE
	EndGlobalSection
	GlobalSection(ExtensibilityGlobals) = postSolution
		SolutionGuid = {DC041AF3-75B1-45CC-A43F-5A1D922C5396}
	EndGlobalSection
EndGlobal
